
Microsoft Visual Studio Solution File, Format Version 12.00
# Visual Studio Version 17
VisualStudioVersion = 17.9.34714.143
MinimumVisualStudioVersion = 10.0.40219.1
Project("{9A19103F-16F7-4668-BE54-9A1E7A4F7556}") = "Threads", "Threads.csproj", "{220AB94D-6249-450B-AF68-AAC6AD302A4D}"
EndProject
Project("{FAE04EC0-301F-11D3-BF4B-00C04F79EFBC}") = "ImageDisplayApp", "..\ImageDisplayApp\ImageDisplayApp.csproj", "{5693FFEF-FD4A-45E9-A131-8F0173DA5F80}"
EndProject
Global
	GlobalSection(SolutionConfigurationPlatforms) = preSolution
		Debug|Any CPU = Debug|Any CPU
		Release|Any CPU = Release|Any CPU
	EndGlobalSection
	GlobalSection(ProjectConfigurationPlatforms) = postSolution
		{220AB94D-6249-450B-AF68-AAC6AD302A4D}.Debug|Any CPU.ActiveCfg = Debug|Any CPU
		{220AB94D-6249-450B-AF68-AAC6AD302A4D}.Debug|Any CPU.Build.0 = Debug|Any CPU
		{220AB94D-6249-450B-AF68-AAC6AD302A4D}.Release|Any CPU.ActiveCfg = Release|Any CPU
		{220AB94D-6249-450B-AF68-AAC6AD302A4D}.Release|Any CPU.Build.0 = Release|Any CPU
		{5693FFEF-FD4A-45E9-A131-8F0173DA5F80}.Debug|Any CPU.ActiveCfg = Debug|Any CPU
		{5693FFEF-FD4A-45E9-A131-8F0173DA5F80}.Debug|Any CPU.Build.0 = Debug|Any CPU
		{5693FFEF-FD4A-45E9-A131-8F0173DA5F80}.Release|Any CPU.ActiveCfg = Release|Any CPU
		{5693FFEF-FD4A-45E9-A131-8F0173DA5F80}.Release|Any CPU.Build.0 = Release|Any CPU
	EndGlobalSection
	GlobalSection(SolutionProperties) = preSolution
		HideSolutionNode = FALSE
	EndGlobalSection
	GlobalSection(ExtensibilityGlobals) = postSolution
		SolutionGuid = {8D611F76-BB8A-4CD0-BC98-8F2F1D99ED04}
	EndGlobalSection
EndGlobal
